// !$*UTF8*$!
{
	archiveVersion = 1;
	classes = {
	};
	objectVersion = 50;
	objects = {

/* Begin PBXBuildFile section */
		9EAB9FC125D2CD1E003798FA /* AppDelegate.swift in Sources */ = {isa = PBXBuildFile; fileRef = 9EAB9FC025D2CD1E003798FA /* AppDelegate.swift */; };
		9EAB9FC325D2CD1E003798FA /* SceneDelegate.swift in Sources */ = {isa = PBXBuildFile; fileRef = 9EAB9FC225D2CD1E003798FA /* SceneDelegate.swift */; };
		9EAB9FC525D2CD1E003798FA /* ViewController.swift in Sources */ = {isa = PBXBuildFile; fileRef = 9EAB9FC425D2CD1E003798FA /* ViewController.swift */; };
		9EAB9FC825D2CD1E003798FA /* Main.storyboard in Resources */ = {isa = PBXBuildFile; fileRef = 9EAB9FC625D2CD1E003798FA /* Main.storyboard */; };
		9EAB9FCA25D2CD1F003798FA /* Assets.xcassets in Resources */ = {isa = PBXBuildFile; fileRef = 9EAB9FC925D2CD1F003798FA /* Assets.xcassets */; };
		9EAB9FCD25D2CD1F003798FA /* LaunchScreen.storyboard in Resources */ = {isa = PBXBuildFile; fileRef = 9EAB9FCB25D2CD1F003798FA /* LaunchScreen.storyboard */; };
		9EAB9FDC25D2D00C003798FA /* ListViewController.swift in Sources */ = {isa = PBXBuildFile; fileRef = 9EAB9FDB25D2D00C003798FA /* ListViewController.swift */; };
		9EAB9FE025D2D027003798FA /* ProductViewController.swift in Sources */ = {isa = PBXBuildFile; fileRef = 9EAB9FDF25D2D027003798FA /* ProductViewController.swift */; };
		9EAB9FE325D2D02E003798FA /* AccountViewController.swift in Sources */ = {isa = PBXBuildFile; fileRef = 9EAB9FE225D2D02E003798FA /* AccountViewController.swift */; };
		9EAB9FE825D2D138003798FA /* Coordinator.swift in Sources */ = {isa = PBXBuildFile; fileRef = 9EAB9FE725D2D138003798FA /* Coordinator.swift */; };
/* End PBXBuildFile section */

/* Begin PBXFileReference section */
		9EAB9FBD25D2CD1E003798FA /* coordinator.app */ = {isa = PBXFileReference; explicitFileType = wrapper.application; includeInIndex = 0; path = coordinator.app; sourceTree = BUILT_PRODUCTS_DIR; };
		9EAB9FC025D2CD1E003798FA /* AppDelegate.swift */ = {isa = PBXFileReference; lastKnownFileType = sourcecode.swift; path = AppDelegate.swift; sourceTree = "<group>"; };
		9EAB9FC225D2CD1E003798FA /* SceneDelegate.swift */ = {isa = PBXFileReference; lastKnownFileType = sourcecode.swift; path = SceneDelegate.swift; sourceTree = "<group>"; };
		9EAB9FC425D2CD1E003798FA /* ViewController.swift */ = {isa = PBXFileReference; lastKnownFileType = sourcecode.swift; path = ViewController.swift; sourceTree = "<group>"; };
		9EAB9FC725D2CD1E003798FA /* Base */ = {isa = PBXFileReference; lastKnownFileType = file.storyboard; name = Base; path = Base.lproj/Main.storyboard; sourceTree = "<group>"; };
		9EAB9FC925D2CD1F003798FA /* Assets.xcassets */ = {isa = PBXFileReference; lastKnownFileType = folder.assetcatalog; path = Assets.xcassets; sourceTree = "<group>"; };
		9EAB9FCC25D2CD1F003798FA /* Base */ = {isa = PBXFileReference; lastKnownFileType = file.storyboard; name = Base; path = Base.lproj/LaunchScreen.storyboard; sourceTree = "<group>"; };
		9EAB9FCE25D2CD1F003798FA /* Info.plist */ = {isa = PBXFileReference; lastKnownFileType = text.plist.xml; path = Info.plist; sourceTree = "<group>"; };
		9EAB9FDB25D2D00C003798FA /* ListViewController.swift */ = {isa = PBXFileReference; lastKnownFileType = sourcecode.swift; name = ListViewController.swift; path = coordinator/ListViewController.swift; sourceTree = SOURCE_ROOT; };
		9EAB9FDF25D2D027003798FA /* ProductViewController.swift */ = {isa = PBXFileReference; lastKnownFileType = sourcecode.swift; path = ProductViewController.swift; sourceTree = "<group>"; };
		9EAB9FE225D2D02E003798FA /* AccountViewController.swift */ = {isa = PBXFileReference; lastKnownFileType = sourcecode.swift; path = AccountViewController.swift; sourceTree = "<group>"; };
		9EAB9FE725D2D138003798FA /* Coordinator.swift */ = {isa = PBXFileReference; lastKnownFileType = sourcecode.swift; path = Coordinator.swift; sourceTree = "<group>"; };
/* End PBXFileReference section */

/* Begin PBXFrameworksBuildPhase section */
		9EAB9FBA25D2CD1E003798FA /* Frameworks */ = {
			isa = PBXFrameworksBuildPhase;
			buildActionMask = 2147483647;
			files = (
			);
			runOnlyForDeploymentPostprocessing = 0;
		};
/* End PBXFrameworksBuildPhase section */

/* Begin PBXGroup section */
		9EAB9FB425D2CD1E003798FA = {
			isa = PBXGroup;
			children = (
				9EAB9FBF25D2CD1E003798FA /* coordinator */,
				9EAB9FBE25D2CD1E003798FA /* Products */,
			);
			sourceTree = "<group>";
		};
		9EAB9FBE25D2CD1E003798FA /* Products */ = {
			isa = PBXGroup;
			children = (
				9EAB9FBD25D2CD1E003798FA /* coordinator.app */,
			);
			name = Products;
			sourceTree = "<group>";
		};
		9EAB9FBF25D2CD1E003798FA /* coordinator */ = {
			isa = PBXGroup;
			children = (
				9EAB9FE525D2D037003798FA /* Controllers */,
				9EAB9FC025D2CD1E003798FA /* AppDelegate.swift */,
				9EAB9FC225D2CD1E003798FA /* SceneDelegate.swift */,
				9EAB9FE725D2D138003798FA /* Coordinator.swift */,
				9EAB9FC625D2CD1E003798FA /* Main.storyboard */,
				9EAB9FC925D2CD1F003798FA /* Assets.xcassets */,
				9EAB9FCB25D2CD1F003798FA /* LaunchScreen.storyboard */,
				9EAB9FCE25D2CD1F003798FA /* Info.plist */,
			);
			path = coordinator;
			sourceTree = "<group>";
		};
		9EAB9FE525D2D037003798FA /* Controllers */ = {
			isa = PBXGroup;
			children = (
				9EAB9FC425D2CD1E003798FA /* ViewController.swift */,
				9EAB9FDB25D2D00C003798FA /* ListViewController.swift */,
				9EAB9FDF25D2D027003798FA /* ProductViewController.swift */,
				9EAB9FE225D2D02E003798FA /* AccountViewController.swift */,
			);
			name = Controllers;
			sourceTree = "<group>";
		};
/* End PBXGroup section */

/* Begin PBXNativeTarget section */
		9EAB9FBC25D2CD1E003798FA /* coordinator */ = {
			isa = PBXNativeTarget;
			buildConfigurationList = 9EAB9FD125D2CD1F003798FA /* Build configuration list for PBXNativeTarget "coordinator" */;
			buildPhases = (
				9EAB9FB925D2CD1E003798FA /* Sources */,
				9EAB9FBA25D2CD1E003798FA /* Frameworks */,
				9EAB9FBB25D2CD1E003798FA /* Resources */,
			);
			buildRules = (
			);
			dependencies = (
			);
			name = coordinator;
			productName = coordinator;
			productReference = 9EAB9FBD25D2CD1E003798FA /* coordinator.app */;
			productType = "com.apple.product-type.application";
		};
/* End PBXNativeTarget section */

/* Begin PBXProject section */
		9EAB9FB525D2CD1E003798FA /* Project object */ = {
			isa = PBXProject;
			attributes = {
				LastSwiftUpdateCheck = 1220;
				LastUpgradeCheck = 1220;
				TargetAttributes = {
					9EAB9FBC25D2CD1E003798FA = {
						CreatedOnToolsVersion = 12.2;
					};
				};
			};
			buildConfigurationList = 9EAB9FB825D2CD1E003798FA /* Build configuration list for PBXProject "coordinator" */;
			compatibilityVersion = "Xcode 9.3";
			developmentRegion = en;
			hasScannedForEncodings = 0;
			knownRegions = (
				en,
				Base,
			);
			mainGroup = 9EAB9FB425D2CD1E003798FA;
			productRefGroup = 9EAB9FBE25D2CD1E003798FA /* Products */;
			projectDirPath = "";
			projectRoot = "";
			targets = (
				9EAB9FBC25D2CD1E003798FA /* coordinator */,
			);
		};
/* End PBXProject section */

/* Begin PBXResourcesBuildPhase section */
		9EAB9FBB25D2CD1E003798FA /* Resources */ = {
			isa = PBXResourcesBuildPhase;
			buildActionMask = 2147483647;
			files = (
				9EAB9FCD25D2CD1F003798FA /* LaunchScreen.storyboard in Resources */,
				9EAB9FCA25D2CD1F003798FA /* Assets.xcassets in Resources */,
				9EAB9FC825D2CD1E003798FA /* Main.storyboard in Resources */,
			);
			runOnlyForDeploymentPostprocessing = 0;
		};
/* End PBXResourcesBuildPhase section */

/* Begin PBXSourcesBuildPhase section */
		9EAB9FB925D2CD1E003798FA /* Sources */ = {
			isa = PBXSourcesBuildPhase;
			buildActionMask = 2147483647;
			files = (
				9EAB9FC525D2CD1E003798FA /* ViewController.swift in Sources */,
				9EAB9FDC25D2D00C003798FA /* ListViewController.swift in Sources */,
				9EAB9FE325D2D02E003798FA /* AccountViewController.swift in Sources */,
				9EAB9FC125D2CD1E003798FA /* AppDelegate.swift in Sources */,
				9EAB9FE025D2D027003798FA /* ProductViewController.swift in Sources */,
				9EAB9FC325D2CD1E003798FA /* SceneDelegate.swift in Sources */,
				9EAB9FE825D2D138003798FA /* Coordinator.swift in Sources */,
			);
			runOnlyForDeploymentPostprocessing = 0;
		};
/* End PBXSourcesBuildPhase section */

/* Begin PBXVariantGroup section */
		9EAB9FC625D2CD1E003798FA /* Main.storyboard */ = {
			isa = PBXVariantGroup;
			children = (
				9EAB9FC725D2CD1E003798FA /* Base */,
			);
			name = Main.storyboard;
			sourceTree = "<group>";
		};
		9EAB9FCB25D2CD1F003798FA /* LaunchScreen.storyboard */ = {
			isa = PBXVariantGroup;
			children = (
				9EAB9FCC25D2CD1F003798FA /* Base */,
			);
			name = LaunchScreen.storyboard;
			sourceTree = "<group>";
		};
/* End PBXVariantGroup section */

/* Begin XCBuildConfiguration section */
		9EAB9FCF25D2CD1F003798FA /* Debug */ = {
			isa = XCBuildConfiguration;
			buildSettings = {
				ALWAYS_SEARCH_USER_PATHS = NO;
				CLANG_ANALYZER_NONNULL = YES;
				CLANG_ANALYZER_NUMBER_OBJECT_CONVERSION = YES_AGGRESSIVE;
				CLANG_CXX_LANGUAGE_STANDARD = "gnu++14";
				CLANG_CXX_LIBRARY = "libc++";
				CLANG_ENABLE_MODULES = YES;
				CLANG_ENABLE_OBJC_ARC = YES;
				CLANG_ENABLE_OBJC_WEAK = YES;
				CLANG_WARN_BLOCK_CAPTURE_AUTORELEASING = YES;
				CLANG_WARN_BOOL_CONVERSION = YES;
				CLANG_WARN_COMMA = YES;
				CLANG_WARN_CONSTANT_CONVERSION = YES;
				CLANG_WARN_DEPRECATED_OBJC_IMPLEMENTATIONS = YES;
				CLANG_WARN_DIRECT_OBJC_ISA_USAGE = YES_ERROR;
				CLANG_WARN_DOCUMENTATION_COMMENTS = YES;
				CLANG_WARN_EMPTY_BODY = YES;
				CLANG_WARN_ENUM_CONVERSION = YES;
				CLANG_WARN_INFINITE_RECURSION = YES;
				CLANG_WARN_INT_CONVERSION = YES;
				CLANG_WARN_NON_LITERAL_NULL_CONVERSION = YES;
				CLANG_WARN_OBJC_IMPLICIT_RETAIN_SELF = YES;
				CLANG_WARN_OBJC_LITERAL_CONVERSION = YES;
				CLANG_WARN_OBJC_ROOT_CLASS = YES_ERROR;
				CLANG_WARN_QUOTED_INCLUDE_IN_FRAMEWORK_HEADER = YES;
				CLANG_WARN_RANGE_LOOP_ANALYSIS = YES;
				CLANG_WARN_STRICT_PROTOTYPES = YES;
				CLANG_WARN_SUSPICIOUS_MOVE = YES;
				CLANG_WARN_UNGUARDED_AVAILABILITY = YES_AGGRESSIVE;
				CLANG_WARN_UNREACHABLE_CODE = YES;
				CLANG_WARN__DUPLICATE_METHOD_MATCH = YES;
				COPY_PHASE_STRIP = NO;
				DEBUG_INFORMATION_FORMAT = dwarf;
				ENABLE_STRICT_OBJC_MSGSEND = YES;
				ENABLE_TESTABILITY = YES;
				GCC_C_LANGUAGE_STANDARD = gnu11;
				GCC_DYNAMIC_NO_PIC = NO;
				GCC_NO_COMMON_BLOCKS = YES;
				GCC_OPTIMIZATION_LEVEL = 0;
				GCC_PREPROCESSOR_DEFINITIONS = (
					"DEBUG=1",
					"$(inherited)",
				);
				GCC_WARN_64_TO_32_BIT_CONVERSION = YES;
				GCC_WARN_ABOUT_RETURN_TYPE = YES_ERROR;
				GCC_WARN_UNDECLARED_SELECTOR = YES;
				GCC_WARN_UNINITIALIZED_AUTOS = YES_AGGRESSIVE;
				GCC_WARN_UNUSED_FUNCTION = YES;
				GCC_WARN_UNUSED_VARIABLE = YES;
				IPHONEOS_DEPLOYMENT_TARGET = 14.2;
				MTL_ENABLE_DEBUG_INFO = INCLUDE_SOURCE;
				MTL_FAST_MATH = YES;
				ONLY_ACTIVE_ARCH = YES;
				SDKROOT = iphoneos;
				SWIFT_ACTIVE_COMPILATION_CONDITIONS = DEBUG;
				SWIFT_OPTIMIZATION_LEVEL = "-Onone";
			};
			name = Debug;
		};
		9EAB9FD025D2CD1F003798FA /* Release */ = {
			isa = XCBuildConfiguration;
			buildSettings = {
				ALWAYS_SEARCH_USER_PATHS = NO;
				CLANG_ANALYZER_NONNULL = YES;
				CLANG_ANALYZER_NUMBER_OBJECT_CONVERSION = YES_AGGRESSIVE;
				CLANG_CXX_LANGUAGE_STANDARD = "gnu++14";
				CLANG_CXX_LIBRARY = "libc++";
				CLANG_ENABLE_MODULES = YES;
				CLANG_ENABLE_OBJC_ARC = YES;
				CLANG_ENABLE_OBJC_WEAK = YES;
				CLANG_WARN_BLOCK_CAPTURE_AUTORELEASING = YES;
				CLANG_WARN_BOOL_CONVERSION = YES;
				CLANG_WARN_COMMA = YES;
				CLANG_WARN_CONSTANT_CONVERSION = YES;
				CLANG_WARN_DEPRECATED_OBJC_IMPLEMENTATIONS = YES;
				CLANG_WARN_DIRECT_OBJC_ISA_USAGE = YES_ERROR;
				CLANG_WARN_DOCUMENTATION_COMMENTS = YES;
				CLANG_WARN_EMPTY_BODY = YES;
				CLANG_WARN_ENUM_CONVERSION = YES;
				CLANG_WARN_INFINITE_RECURSION = YES;
				CLANG_WARN_INT_CONVERSION = YES;
				CLANG_WARN_NON_LITERAL_NULL_CONVERSION = YES;
				CLANG_WARN_OBJC_IMPLICIT_RETAIN_SELF = YES;
				CLANG_WARN_OBJC_LITERAL_CONVERSION = YES;
				CLANG_WARN_OBJC_ROOT_CLASS = YES_ERROR;
				CLANG_WARN_QUOTED_INCLUDE_IN_FRAMEWORK_HEADER = YES;
				CLANG_WARN_RANGE_LOOP_ANALYSIS = YES;
				CLANG_WARN_STRICT_PROTOTYPES = YES;
				CLANG_WARN_SUSPICIOUS_MOVE = YES;
				CLANG_WARN_UNGUARDED_AVAILABILITY = YES_AGGRESSIVE;
				CLANG_WARN_UNREACHABLE_CODE = YES;
				CLANG_WARN__DUPLICATE_METHOD_MATCH = YES;
				COPY_PHASE_STRIP = NO;
				DEBUG_INFORMATION_FORMAT = "dwarf-with-dsym";
				ENABLE_NS_ASSERTIONS = NO;
				ENABLE_STRICT_OBJC_MSGSEND = YES;
				GCC_C_LANGUAGE_STANDARD = gnu11;
				GCC_NO_COMMON_BLOCKS = YES;
				GCC_WARN_64_TO_32_BIT_CONVERSION = YES;
				GCC_WARN_ABOUT_RETURN_TYPE = YES_ERROR;
				GCC_WARN_UNDECLARED_SELECTOR = YES;
				GCC_WARN_UNINITIALIZED_AUTOS = YES_AGGRESSIVE;
				GCC_WARN_UNUSED_FUNCTION = YES;
				GCC_WARN_UNUSED_VARIABLE = YES;
				IPHONEOS_DEPLOYMENT_TARGET = 14.2;
				MTL_ENABLE_DEBUG_INFO = NO;
				MTL_FAST_MATH = YES;
				SDKROOT = iphoneos;
				SWIFT_COMPILATION_MODE = wholemodule;
				SWIFT_OPTIMIZATION_LEVEL = "-O";
				VALIDATE_PRODUCT = YES;
			};
			name = Release;
		};
		9EAB9FD225D2CD1F003798FA /* Debug */ = {
			isa = XCBuildConfiguration;
			buildSettings = {
				ASSETCATALOG_COMPILER_APPICON_NAME = AppIcon;
				ASSETCATALOG_COMPILER_GLOBAL_ACCENT_COLOR_NAME = AccentColor;
				CODE_SIGN_STYLE = Automatic;
				INFOPLIST_FILE = coordinator/Info.plist;
				LD_RUNPATH_SEARCH_PATHS = (
					"$(inherited)",
					"@executable_path/Frameworks",
				);
				PRODUCT_BUNDLE_IDENTIFIER = lukeRave.coordinator;
				PRODUCT_NAME = "$(TARGET_NAME)";
				SWIFT_VERSION = 5.0;
				TARGETED_DEVICE_FAMILY = "1,2";
			};
			name = Debug;
		};
		9EAB9FD325D2CD1F003798FA /* Release */ = {
			isa = XCBuildConfiguration;
			buildSettings = {
				ASSETCATALOG_COMPILER_APPICON_NAME = AppIcon;
				ASSETCATALOG_COMPILER_GLOBAL_ACCENT_COLOR_NAME = AccentColor;
				CODE_SIGN_STYLE = Automatic;
				INFOPLIST_FILE = coordinator/Info.plist;
				LD_RUNPATH_SEARCH_PATHS = (
					"$(inherited)",
					"@executable_path/Frameworks",
				);
				PRODUCT_BUNDLE_IDENTIFIER = lukeRave.coordinator;
				PRODUCT_NAME = "$(TARGET_NAME)";
				SWIFT_VERSION = 5.0;
				TARGETED_DEVICE_FAMILY = "1,2";
			};
			name = Release;
		};
/* End XCBuildConfiguration section */

/* Begin XCConfigurationList section */
		9EAB9FB825D2CD1E003798FA /* Build configuration list for PBXProject "coordinator" */ = {
			isa = XCConfigurationList;
			buildConfigurations = (
				9EAB9FCF25D2CD1F003798FA /* Debug */,
				9EAB9FD025D2CD1F003798FA /* Release */,
			);
			defaultConfigurationIsVisible = 0;
			defaultConfigurationName = Release;
		};
		9EAB9FD125D2CD1F003798FA /* Build configuration list for PBXNativeTarget "coordinator" */ = {
			isa = XCConfigurationList;
			buildConfigurations = (
				9EAB9FD225D2CD1F003798FA /* Debug */,
				9EAB9FD325D2CD1F003798FA /* Release */,
			);
			defaultConfigurationIsVisible = 0;
			defaultConfigurationName = Release;
		};
/* End XCConfigurationList section */
	};
	rootObject = 9EAB9FB525D2CD1E003798FA /* Project object */;
}
