// !$*UTF8*$!
{
	archiveVersion = 1;
	classes = {
	};
	objectVersion = 55;
	objects = {

/* Begin PBXBuildFile section */
		C904C7B927AC32A80001BB7F /* APIManager.swift in Sources */ = {isa = PBXBuildFile; fileRef = C904C7B827AC32A80001BB7F /* APIManager.swift */; };
		C904C7BB27AC3AE00001BB7F /* MakeupModel.swift in Sources */ = {isa = PBXBuildFile; fileRef = C904C7BA27AC3AE00001BB7F /* MakeupModel.swift */; };
		C904C7BF27AC59830001BB7F /* shop.storyboard in Resources */ = {isa = PBXBuildFile; fileRef = C904C7BE27AC59830001BB7F /* shop.storyboard */; };
		C904C7C127AC5AB50001BB7F /* cart.storyboard in Resources */ = {isa = PBXBuildFile; fileRef = C904C7C027AC5AB50001BB7F /* cart.storyboard */; };
		C904C7C327AC5CAE0001BB7F /* recent+Favorites.storyboard in Resources */ = {isa = PBXBuildFile; fileRef = C904C7C227AC5CAE0001BB7F /* recent+Favorites.storyboard */; };
		C904C7C527AC5E140001BB7F /* filter.storyboard in Resources */ = {isa = PBXBuildFile; fileRef = C904C7C427AC5E140001BB7F /* filter.storyboard */; };
		C904C7C827AC66DF0001BB7F /* ProductCell.swift in Sources */ = {isa = PBXBuildFile; fileRef = C904C7C627AC66DF0001BB7F /* ProductCell.swift */; };
		C904C7C927AC66DF0001BB7F /* ProductCell.xib in Resources */ = {isa = PBXBuildFile; fileRef = C904C7C727AC66DF0001BB7F /* ProductCell.xib */; };
		C904C7CB27AC6D000001BB7F /* ShopViewController.swift in Sources */ = {isa = PBXBuildFile; fileRef = C904C7CA27AC6D000001BB7F /* ShopViewController.swift */; };
		C904C7CD27AC6D320001BB7F /* CartViewController.swift in Sources */ = {isa = PBXBuildFile; fileRef = C904C7CC27AC6D320001BB7F /* CartViewController.swift */; };
		C904C7CF27AC6D5C0001BB7F /* FilterViewController.swift in Sources */ = {isa = PBXBuildFile; fileRef = C904C7CE27AC6D5C0001BB7F /* FilterViewController.swift */; };
		C904C7D127AC6D6D0001BB7F /* ProductsViewController.swift in Sources */ = {isa = PBXBuildFile; fileRef = C904C7D027AC6D6D0001BB7F /* ProductsViewController.swift */; };
		C904C7ED27AC705D0001BB7F /* ShowViewController+DataSource.swift in Sources */ = {isa = PBXBuildFile; fileRef = C904C7EC27AC705D0001BB7F /* ShowViewController+DataSource.swift */; };
		C904C7EF27AC72AB0001BB7F /* ShopVC+Delegate.swift in Sources */ = {isa = PBXBuildFile; fileRef = C904C7EE27AC72AB0001BB7F /* ShopVC+Delegate.swift */; };
		C904C7F127AC75690001BB7F /* VC+delegate.swift in Sources */ = {isa = PBXBuildFile; fileRef = C904C7F027AC75690001BB7F /* VC+delegate.swift */; };
		C904C7F327AC757C0001BB7F /* VC+DataSource.swift in Sources */ = {isa = PBXBuildFile; fileRef = C904C7F227AC757C0001BB7F /* VC+DataSource.swift */; };
		C904C7F527AC789A0001BB7F /* CartVC+delegate.swift in Sources */ = {isa = PBXBuildFile; fileRef = C904C7F427AC789A0001BB7F /* CartVC+delegate.swift */; };
		C904C7F727AC78C80001BB7F /* CartVC+DataSource.swift in Sources */ = {isa = PBXBuildFile; fileRef = C904C7F627AC78C80001BB7F /* CartVC+DataSource.swift */; };
		C904C7F927AC7A8B0001BB7F /* ProductsVC+delegate.swift in Sources */ = {isa = PBXBuildFile; fileRef = C904C7F827AC7A8B0001BB7F /* ProductsVC+delegate.swift */; };
		C904C7FB27AC7A980001BB7F /* ProductVC+datasource.swift in Sources */ = {isa = PBXBuildFile; fileRef = C904C7FA27AC7A980001BB7F /* ProductVC+datasource.swift */; };
		C904C7FD27AC7BB60001BB7F /* FilterVC+delegate.swift in Sources */ = {isa = PBXBuildFile; fileRef = C904C7FC27AC7BB60001BB7F /* FilterVC+delegate.swift */; };
		C904C7FF27AC7BE20001BB7F /* FilterVC+DataSource .swift in Sources */ = {isa = PBXBuildFile; fileRef = C904C7FE27AC7BE20001BB7F /* FilterVC+DataSource .swift */; };
		C904C80127ADA5B20001BB7F /* FilterViewModel.swift in Sources */ = {isa = PBXBuildFile; fileRef = C904C80027ADA5B20001BB7F /* FilterViewModel.swift */; };
		C904C80327B160F90001BB7F /* ProductsViewModel.swift in Sources */ = {isa = PBXBuildFile; fileRef = C904C80227B160F80001BB7F /* ProductsViewModel.swift */; };
		C904C80727B16DBF0001BB7F /* UIImage+DownloadImg.swift in Sources */ = {isa = PBXBuildFile; fileRef = C904C80627B16DBF0001BB7F /* UIImage+DownloadImg.swift */; };
		C904C80927B16EBA0001BB7F /* ImageCacheManager.swift in Sources */ = {isa = PBXBuildFile; fileRef = C904C80827B16EBA0001BB7F /* ImageCacheManager.swift */; };
		C904C80C27B17DB40001BB7F /* dataEncoder.swift in Sources */ = {isa = PBXBuildFile; fileRef = C904C80B27B17DB40001BB7F /* dataEncoder.swift */; };
		C904C80E27B17F0E0001BB7F /* DataDecoder.swift in Sources */ = {isa = PBXBuildFile; fileRef = C904C80D27B17F0E0001BB7F /* DataDecoder.swift */; };
		C904C81027B181130001BB7F /* DataManager.swift in Sources */ = {isa = PBXBuildFile; fileRef = C904C80F27B181130001BB7F /* DataManager.swift */; };
		C904C81627B189600001BB7F /* StringConstants.swift in Sources */ = {isa = PBXBuildFile; fileRef = C904C81527B189600001BB7F /* StringConstants.swift */; };
		C904C81827B194690001BB7F /* HomeViewModel.swift in Sources */ = {isa = PBXBuildFile; fileRef = C904C81727B194690001BB7F /* HomeViewModel.swift */; };
		C904C81A27B19D880001BB7F /* String+PrepareForSearch.swift in Sources */ = {isa = PBXBuildFile; fileRef = C904C81927B19D880001BB7F /* String+PrepareForSearch.swift */; };
		C904C81E27B1BDA60001BB7F /* String+formatToPrice.swift in Sources */ = {isa = PBXBuildFile; fileRef = C904C81D27B1BDA60001BB7F /* String+formatToPrice.swift */; };
		C904C82027B1C2030001BB7F /* CartViewModel.swift in Sources */ = {isa = PBXBuildFile; fileRef = C904C81F27B1C2030001BB7F /* CartViewModel.swift */; };
		C904C82227B1C6540001BB7F /* ShopviewModel.swift in Sources */ = {isa = PBXBuildFile; fileRef = C904C82127B1C6540001BB7F /* ShopviewModel.swift */; };
		C904C82627B2CCA50001BB7F /* alertController+convienceInit.swift in Sources */ = {isa = PBXBuildFile; fileRef = C904C82527B2CCA50001BB7F /* alertController+convienceInit.swift */; };
		C904C82827B2E8FE0001BB7F /* ProductCellViewModel.swift in Sources */ = {isa = PBXBuildFile; fileRef = C904C82727B2E8FE0001BB7F /* ProductCellViewModel.swift */; };
		C9215F4328008FCD00BA3710 /* productDetailVC.swift in Sources */ = {isa = PBXBuildFile; fileRef = C9215F4228008FCD00BA3710 /* productDetailVC.swift */; };
		C9215F45280090CE00BA3710 /* ProductDetailsVM.swift in Sources */ = {isa = PBXBuildFile; fileRef = C9215F44280090CE00BA3710 /* ProductDetailsVM.swift */; };
		C9215F472800941D00BA3710 /* ReuseableFunctions.swift in Sources */ = {isa = PBXBuildFile; fileRef = C9215F462800941D00BA3710 /* ReuseableFunctions.swift */; };
		C92DCB4027F37D8A007EE48F /* productDetail.storyboard in Resources */ = {isa = PBXBuildFile; fileRef = C92DCB3F27F37D8A007EE48F /* productDetail.storyboard */; };
		C937CF02281B189600BC5229 /* Coordinator.swift in Sources */ = {isa = PBXBuildFile; fileRef = C937CF01281B189600BC5229 /* Coordinator.swift */; };
		C937CF0528201E7300BC5229 /* FilterCoordinator.swift in Sources */ = {isa = PBXBuildFile; fileRef = C937CF0428201E7300BC5229 /* FilterCoordinator.swift */; };
		C937CF0828201F7100BC5229 /* ShopCoordinator.swift in Sources */ = {isa = PBXBuildFile; fileRef = C937CF0728201F7100BC5229 /* ShopCoordinator.swift */; };
		C937CF0B2820208300BC5229 /* CartCoordinator.swift in Sources */ = {isa = PBXBuildFile; fileRef = C937CF0A2820208300BC5229 /* CartCoordinator.swift */; };
		C937CF0E2820218500BC5229 /* ProductsCoordinator.swift in Sources */ = {isa = PBXBuildFile; fileRef = C937CF0D2820218500BC5229 /* ProductsCoordinator.swift */; };
		C937CF13282029D500BC5229 /* CheckoutVC.swift in Sources */ = {isa = PBXBuildFile; fileRef = C937CF12282029D500BC5229 /* CheckoutVC.swift */; };
		C937CF1628202BA300BC5229 /* Color+NewColors.swift in Sources */ = {isa = PBXBuildFile; fileRef = C937CF1528202BA300BC5229 /* Color+NewColors.swift */; };
		C937CF3E28205F0800BC5229 /* makeupFinderUITests.swift in Sources */ = {isa = PBXBuildFile; fileRef = C937CF3D28205F0800BC5229 /* makeupFinderUITests.swift */; };
		C937CF4028205F0800BC5229 /* makeupFinderUITestsLaunchTests.swift in Sources */ = {isa = PBXBuildFile; fileRef = C937CF3F28205F0800BC5229 /* makeupFinderUITestsLaunchTests.swift */; };
		C9383E4C280467E3004CF170 /* ProductDetailVC+DataSource.swift in Sources */ = {isa = PBXBuildFile; fileRef = C9383E4B280467E3004CF170 /* ProductDetailVC+DataSource.swift */; };
		C9383E4E280467F9004CF170 /* ProductDetailVC+Delegate.swift in Sources */ = {isa = PBXBuildFile; fileRef = C9383E4D280467F9004CF170 /* ProductDetailVC+Delegate.swift */; };
		C9383E522804693F004CF170 /* ProductDetailCell.swift in Sources */ = {isa = PBXBuildFile; fileRef = C9383E502804693F004CF170 /* ProductDetailCell.swift */; };
		C9383E532804693F004CF170 /* ProductDetailCell.xib in Resources */ = {isa = PBXBuildFile; fileRef = C9383E512804693F004CF170 /* ProductDetailCell.xib */; };
		C98ED59D280751D100EE61E5 /* SnapKit in Frameworks */ = {isa = PBXBuildFile; productRef = C98ED59C280751D100EE61E5 /* SnapKit */; };
		C98ED5A1280874B000EE61E5 /* ProductDetailsVC+CellTypes.swift in Sources */ = {isa = PBXBuildFile; fileRef = C98ED5A0280874B000EE61E5 /* ProductDetailsVC+CellTypes.swift */; };
		C993C83E27AB1D4A00495D79 /* AppDelegate.swift in Sources */ = {isa = PBXBuildFile; fileRef = C993C83D27AB1D4A00495D79 /* AppDelegate.swift */; };
		C993C84027AB1D4A00495D79 /* SceneDelegate.swift in Sources */ = {isa = PBXBuildFile; fileRef = C993C83F27AB1D4A00495D79 /* SceneDelegate.swift */; };
		C993C84227AB1D4A00495D79 /* ViewController.swift in Sources */ = {isa = PBXBuildFile; fileRef = C993C84127AB1D4A00495D79 /* ViewController.swift */; };
		C993C84527AB1D4A00495D79 /* Main.storyboard in Resources */ = {isa = PBXBuildFile; fileRef = C993C84327AB1D4A00495D79 /* Main.storyboard */; };
		C993C84727AB1D4C00495D79 /* Assets.xcassets in Resources */ = {isa = PBXBuildFile; fileRef = C993C84627AB1D4C00495D79 /* Assets.xcassets */; };
		C993C84A27AB1D4C00495D79 /* LaunchScreen.storyboard in Resources */ = {isa = PBXBuildFile; fileRef = C993C84827AB1D4C00495D79 /* LaunchScreen.storyboard */; };
		C993C85927AB1DF100495D79 /* Constants.swift in Sources */ = {isa = PBXBuildFile; fileRef = C993C85827AB1DF100495D79 /* Constants.swift */; };
		C9B0A2BE282C3A3300243A70 /* CheckoutCoordinator.swift in Sources */ = {isa = PBXBuildFile; fileRef = C9B0A2BD282C3A3300243A70 /* CheckoutCoordinator.swift */; };
		C9B0A2C1282C3A8A00243A70 /* SwiftUIView.swift in Sources */ = {isa = PBXBuildFile; fileRef = C9B0A2C0282C3A8A00243A70 /* SwiftUIView.swift */; };
		C9DA85E12821BF8D00CCC8A2 /* CheckView+DataSource.swift in Sources */ = {isa = PBXBuildFile; fileRef = C9DA85E02821BF8D00CCC8A2 /* CheckView+DataSource.swift */; };
		C9DA85E32821BFE700CCC8A2 /* CheckoutVC+delegate.swift in Sources */ = {isa = PBXBuildFile; fileRef = C9DA85E22821BFE700CCC8A2 /* CheckoutVC+delegate.swift */; };
		C9E4EB402811D85C00DE2F05 /* ProductPhotoCell.swift in Sources */ = {isa = PBXBuildFile; fileRef = C9E4EB3E2811D85C00DE2F05 /* ProductPhotoCell.swift */; };
		C9E4EB412811D85C00DE2F05 /* productPhotoCell.xib in Resources */ = {isa = PBXBuildFile; fileRef = C9E4EB3F2811D85C00DE2F05 /* productPhotoCell.xib */; };
/* End PBXBuildFile section */

/* Begin PBXContainerItemProxy section */
		C937CF4128205F0800BC5229 /* PBXContainerItemProxy */ = {
			isa = PBXContainerItemProxy;
			containerPortal = C993C83227AB1D4A00495D79 /* Project object */;
			proxyType = 1;
			remoteGlobalIDString = C993C83927AB1D4A00495D79;
			remoteInfo = makeupFinder;
		};
/* End PBXContainerItemProxy section */

/* Begin PBXFileReference section */
		C904C7B827AC32A80001BB7F /* APIManager.swift */ = {isa = PBXFileReference; lastKnownFileType = sourcecode.swift; path = APIManager.swift; sourceTree = "<group>"; };
		C904C7BA27AC3AE00001BB7F /* MakeupModel.swift */ = {isa = PBXFileReference; lastKnownFileType = sourcecode.swift; path = MakeupModel.swift; sourceTree = "<group>"; };
		C904C7BE27AC59830001BB7F /* shop.storyboard */ = {isa = PBXFileReference; lastKnownFileType = file.storyboard; path = shop.storyboard; sourceTree = "<group>"; };
		C904C7C027AC5AB50001BB7F /* cart.storyboard */ = {isa = PBXFileReference; lastKnownFileType = file.storyboard; path = cart.storyboard; sourceTree = "<group>"; };
		C904C7C227AC5CAE0001BB7F /* recent+Favorites.storyboard */ = {isa = PBXFileReference; lastKnownFileType = file.storyboard; path = "recent+Favorites.storyboard"; sourceTree = "<group>"; };
		C904C7C427AC5E140001BB7F /* filter.storyboard */ = {isa = PBXFileReference; lastKnownFileType = file.storyboard; path = filter.storyboard; sourceTree = "<group>"; };
		C904C7C627AC66DF0001BB7F /* ProductCell.swift */ = {isa = PBXFileReference; lastKnownFileType = sourcecode.swift; path = ProductCell.swift; sourceTree = "<group>"; };
		C904C7C727AC66DF0001BB7F /* ProductCell.xib */ = {isa = PBXFileReference; lastKnownFileType = file.xib; path = ProductCell.xib; sourceTree = "<group>"; };
		C904C7CA27AC6D000001BB7F /* ShopViewController.swift */ = {isa = PBXFileReference; lastKnownFileType = sourcecode.swift; path = ShopViewController.swift; sourceTree = "<group>"; };
		C904C7CC27AC6D320001BB7F /* CartViewController.swift */ = {isa = PBXFileReference; lastKnownFileType = sourcecode.swift; path = CartViewController.swift; sourceTree = "<group>"; };
		C904C7CE27AC6D5C0001BB7F /* FilterViewController.swift */ = {isa = PBXFileReference; lastKnownFileType = sourcecode.swift; path = FilterViewController.swift; sourceTree = "<group>"; };
		C904C7D027AC6D6D0001BB7F /* ProductsViewController.swift */ = {isa = PBXFileReference; lastKnownFileType = sourcecode.swift; path = ProductsViewController.swift; sourceTree = "<group>"; };
		C904C7EC27AC705D0001BB7F /* ShowViewController+DataSource.swift */ = {isa = PBXFileReference; lastKnownFileType = sourcecode.swift; path = "ShowViewController+DataSource.swift"; sourceTree = "<group>"; };
		C904C7EE27AC72AB0001BB7F /* ShopVC+Delegate.swift */ = {isa = PBXFileReference; lastKnownFileType = sourcecode.swift; path = "ShopVC+Delegate.swift"; sourceTree = "<group>"; };
		C904C7F027AC75690001BB7F /* VC+delegate.swift */ = {isa = PBXFileReference; lastKnownFileType = sourcecode.swift; path = "VC+delegate.swift"; sourceTree = "<group>"; };
		C904C7F227AC757C0001BB7F /* VC+DataSource.swift */ = {isa = PBXFileReference; lastKnownFileType = sourcecode.swift; path = "VC+DataSource.swift"; sourceTree = "<group>"; };
		C904C7F427AC789A0001BB7F /* CartVC+delegate.swift */ = {isa = PBXFileReference; lastKnownFileType = sourcecode.swift; path = "CartVC+delegate.swift"; sourceTree = "<group>"; };
		C904C7F627AC78C80001BB7F /* CartVC+DataSource.swift */ = {isa = PBXFileReference; lastKnownFileType = sourcecode.swift; path = "CartVC+DataSource.swift"; sourceTree = "<group>"; };
		C904C7F827AC7A8B0001BB7F /* ProductsVC+delegate.swift */ = {isa = PBXFileReference; lastKnownFileType = sourcecode.swift; path = "ProductsVC+delegate.swift"; sourceTree = "<group>"; };
		C904C7FA27AC7A980001BB7F /* ProductVC+datasource.swift */ = {isa = PBXFileReference; lastKnownFileType = sourcecode.swift; path = "ProductVC+datasource.swift"; sourceTree = "<group>"; };
		C904C7FC27AC7BB60001BB7F /* FilterVC+delegate.swift */ = {isa = PBXFileReference; lastKnownFileType = sourcecode.swift; path = "FilterVC+delegate.swift"; sourceTree = "<group>"; };
		C904C7FE27AC7BE20001BB7F /* FilterVC+DataSource .swift */ = {isa = PBXFileReference; lastKnownFileType = sourcecode.swift; path = "FilterVC+DataSource .swift"; sourceTree = "<group>"; };
		C904C80027ADA5B20001BB7F /* FilterViewModel.swift */ = {isa = PBXFileReference; lastKnownFileType = sourcecode.swift; path = FilterViewModel.swift; sourceTree = "<group>"; };
		C904C80227B160F80001BB7F /* ProductsViewModel.swift */ = {isa = PBXFileReference; lastKnownFileType = sourcecode.swift; path = ProductsViewModel.swift; sourceTree = "<group>"; };
		C904C80627B16DBF0001BB7F /* UIImage+DownloadImg.swift */ = {isa = PBXFileReference; lastKnownFileType = sourcecode.swift; path = "UIImage+DownloadImg.swift"; sourceTree = "<group>"; };
		C904C80827B16EBA0001BB7F /* ImageCacheManager.swift */ = {isa = PBXFileReference; lastKnownFileType = sourcecode.swift; path = ImageCacheManager.swift; sourceTree = "<group>"; };
		C904C80B27B17DB40001BB7F /* dataEncoder.swift */ = {isa = PBXFileReference; lastKnownFileType = sourcecode.swift; path = dataEncoder.swift; sourceTree = "<group>"; };
		C904C80D27B17F0E0001BB7F /* DataDecoder.swift */ = {isa = PBXFileReference; lastKnownFileType = sourcecode.swift; path = DataDecoder.swift; sourceTree = "<group>"; };
		C904C80F27B181130001BB7F /* DataManager.swift */ = {isa = PBXFileReference; lastKnownFileType = sourcecode.swift; path = DataManager.swift; sourceTree = "<group>"; };
		C904C81527B189600001BB7F /* StringConstants.swift */ = {isa = PBXFileReference; lastKnownFileType = sourcecode.swift; path = StringConstants.swift; sourceTree = "<group>"; };
		C904C81727B194690001BB7F /* HomeViewModel.swift */ = {isa = PBXFileReference; lastKnownFileType = sourcecode.swift; path = HomeViewModel.swift; sourceTree = "<group>"; };
		C904C81927B19D880001BB7F /* String+PrepareForSearch.swift */ = {isa = PBXFileReference; lastKnownFileType = sourcecode.swift; path = "String+PrepareForSearch.swift"; sourceTree = "<group>"; };
		C904C81D27B1BDA60001BB7F /* String+formatToPrice.swift */ = {isa = PBXFileReference; lastKnownFileType = sourcecode.swift; path = "String+formatToPrice.swift"; sourceTree = "<group>"; };
		C904C81F27B1C2030001BB7F /* CartViewModel.swift */ = {isa = PBXFileReference; lastKnownFileType = sourcecode.swift; path = CartViewModel.swift; sourceTree = "<group>"; };
		C904C82127B1C6540001BB7F /* ShopviewModel.swift */ = {isa = PBXFileReference; lastKnownFileType = sourcecode.swift; path = ShopviewModel.swift; sourceTree = "<group>"; };
		C904C82527B2CCA50001BB7F /* alertController+convienceInit.swift */ = {isa = PBXFileReference; lastKnownFileType = sourcecode.swift; path = "alertController+convienceInit.swift"; sourceTree = "<group>"; };
		C904C82727B2E8FE0001BB7F /* ProductCellViewModel.swift */ = {isa = PBXFileReference; lastKnownFileType = sourcecode.swift; path = ProductCellViewModel.swift; sourceTree = "<group>"; };
		C9215F4228008FCD00BA3710 /* productDetailVC.swift */ = {isa = PBXFileReference; lastKnownFileType = sourcecode.swift; path = productDetailVC.swift; sourceTree = "<group>"; };
		C9215F44280090CE00BA3710 /* ProductDetailsVM.swift */ = {isa = PBXFileReference; lastKnownFileType = sourcecode.swift; path = ProductDetailsVM.swift; sourceTree = "<group>"; };
		C9215F462800941D00BA3710 /* ReuseableFunctions.swift */ = {isa = PBXFileReference; lastKnownFileType = sourcecode.swift; path = ReuseableFunctions.swift; sourceTree = "<group>"; };
		C92DCB3F27F37D8A007EE48F /* productDetail.storyboard */ = {isa = PBXFileReference; lastKnownFileType = file.storyboard; path = productDetail.storyboard; sourceTree = "<group>"; };
		C937CF01281B189600BC5229 /* Coordinator.swift */ = {isa = PBXFileReference; lastKnownFileType = sourcecode.swift; path = Coordinator.swift; sourceTree = "<group>"; };
		C937CF0428201E7300BC5229 /* FilterCoordinator.swift */ = {isa = PBXFileReference; lastKnownFileType = sourcecode.swift; path = FilterCoordinator.swift; sourceTree = "<group>"; };
		C937CF0728201F7100BC5229 /* ShopCoordinator.swift */ = {isa = PBXFileReference; lastKnownFileType = sourcecode.swift; path = ShopCoordinator.swift; sourceTree = "<group>"; };
		C937CF0A2820208300BC5229 /* CartCoordinator.swift */ = {isa = PBXFileReference; lastKnownFileType = sourcecode.swift; path = CartCoordinator.swift; sourceTree = "<group>"; };
		C937CF0D2820218500BC5229 /* ProductsCoordinator.swift */ = {isa = PBXFileReference; lastKnownFileType = sourcecode.swift; path = ProductsCoordinator.swift; sourceTree = "<group>"; };
		C937CF12282029D500BC5229 /* CheckoutVC.swift */ = {isa = PBXFileReference; lastKnownFileType = sourcecode.swift; path = CheckoutVC.swift; sourceTree = "<group>"; };
		C937CF1528202BA300BC5229 /* Color+NewColors.swift */ = {isa = PBXFileReference; lastKnownFileType = sourcecode.swift; path = "Color+NewColors.swift"; sourceTree = "<group>"; };
		C937CF3B28205F0800BC5229 /* makeupFinderUITests.xctest */ = {isa = PBXFileReference; explicitFileType = wrapper.cfbundle; includeInIndex = 0; path = makeupFinderUITests.xctest; sourceTree = BUILT_PRODUCTS_DIR; };
		C937CF3D28205F0800BC5229 /* makeupFinderUITests.swift */ = {isa = PBXFileReference; lastKnownFileType = sourcecode.swift; path = makeupFinderUITests.swift; sourceTree = "<group>"; };
		C937CF3F28205F0800BC5229 /* makeupFinderUITestsLaunchTests.swift */ = {isa = PBXFileReference; lastKnownFileType = sourcecode.swift; path = makeupFinderUITestsLaunchTests.swift; sourceTree = "<group>"; };
		C9383E4B280467E3004CF170 /* ProductDetailVC+DataSource.swift */ = {isa = PBXFileReference; lastKnownFileType = sourcecode.swift; path = "ProductDetailVC+DataSource.swift"; sourceTree = "<group>"; };
		C9383E4D280467F9004CF170 /* ProductDetailVC+Delegate.swift */ = {isa = PBXFileReference; lastKnownFileType = sourcecode.swift; path = "ProductDetailVC+Delegate.swift"; sourceTree = "<group>"; };
		C9383E502804693F004CF170 /* ProductDetailCell.swift */ = {isa = PBXFileReference; lastKnownFileType = sourcecode.swift; path = ProductDetailCell.swift; sourceTree = "<group>"; };
		C9383E512804693F004CF170 /* ProductDetailCell.xib */ = {isa = PBXFileReference; lastKnownFileType = file.xib; path = ProductDetailCell.xib; sourceTree = "<group>"; };
		C98ED5A0280874B000EE61E5 /* ProductDetailsVC+CellTypes.swift */ = {isa = PBXFileReference; lastKnownFileType = sourcecode.swift; path = "ProductDetailsVC+CellTypes.swift"; sourceTree = "<group>"; };
		C993C83A27AB1D4A00495D79 /* makeupFinder.app */ = {isa = PBXFileReference; explicitFileType = wrapper.application; includeInIndex = 0; path = makeupFinder.app; sourceTree = BUILT_PRODUCTS_DIR; };
		C993C83D27AB1D4A00495D79 /* AppDelegate.swift */ = {isa = PBXFileReference; lastKnownFileType = sourcecode.swift; path = AppDelegate.swift; sourceTree = "<group>"; };
		C993C83F27AB1D4A00495D79 /* SceneDelegate.swift */ = {isa = PBXFileReference; lastKnownFileType = sourcecode.swift; path = SceneDelegate.swift; sourceTree = "<group>"; };
		C993C84127AB1D4A00495D79 /* ViewController.swift */ = {isa = PBXFileReference; lastKnownFileType = sourcecode.swift; path = ViewController.swift; sourceTree = "<group>"; };
		C993C84427AB1D4A00495D79 /* Base */ = {isa = PBXFileReference; lastKnownFileType = file.storyboard; name = Base; path = Base.lproj/Main.storyboard; sourceTree = "<group>"; };
		C993C84627AB1D4C00495D79 /* Assets.xcassets */ = {isa = PBXFileReference; lastKnownFileType = folder.assetcatalog; path = Assets.xcassets; sourceTree = "<group>"; };
		C993C84927AB1D4C00495D79 /* Base */ = {isa = PBXFileReference; lastKnownFileType = file.storyboard; name = Base; path = Base.lproj/LaunchScreen.storyboard; sourceTree = "<group>"; };
		C993C84B27AB1D4C00495D79 /* Info.plist */ = {isa = PBXFileReference; lastKnownFileType = text.plist.xml; path = Info.plist; sourceTree = "<group>"; };
		C993C85827AB1DF100495D79 /* Constants.swift */ = {isa = PBXFileReference; lastKnownFileType = sourcecode.swift; path = Constants.swift; sourceTree = "<group>"; };
		C9B0A2BD282C3A3300243A70 /* CheckoutCoordinator.swift */ = {isa = PBXFileReference; lastKnownFileType = sourcecode.swift; path = CheckoutCoordinator.swift; sourceTree = "<group>"; };
		C9B0A2C0282C3A8A00243A70 /* SwiftUIView.swift */ = {isa = PBXFileReference; lastKnownFileType = sourcecode.swift; path = SwiftUIView.swift; sourceTree = "<group>"; };
		C9DA85E02821BF8D00CCC8A2 /* CheckView+DataSource.swift */ = {isa = PBXFileReference; lastKnownFileType = sourcecode.swift; path = "CheckView+DataSource.swift"; sourceTree = "<group>"; };
		C9DA85E22821BFE700CCC8A2 /* CheckoutVC+delegate.swift */ = {isa = PBXFileReference; lastKnownFileType = sourcecode.swift; path = "CheckoutVC+delegate.swift"; sourceTree = "<group>"; };
		C9E4EB3E2811D85C00DE2F05 /* ProductPhotoCell.swift */ = {isa = PBXFileReference; lastKnownFileType = sourcecode.swift; path = ProductPhotoCell.swift; sourceTree = "<group>"; };
		C9E4EB3F2811D85C00DE2F05 /* productPhotoCell.xib */ = {isa = PBXFileReference; lastKnownFileType = file.xib; path = productPhotoCell.xib; sourceTree = "<group>"; };
/* End PBXFileReference section */

/* Begin PBXFrameworksBuildPhase section */
		C937CF3828205F0800BC5229 /* Frameworks */ = {
			isa = PBXFrameworksBuildPhase;
			buildActionMask = 2147483647;
			files = (
			);
			runOnlyForDeploymentPostprocessing = 0;
		};
		C993C83727AB1D4A00495D79 /* Frameworks */ = {
			isa = PBXFrameworksBuildPhase;
			buildActionMask = 2147483647;
			files = (
				C98ED59D280751D100EE61E5 /* SnapKit in Frameworks */,
			);
			runOnlyForDeploymentPostprocessing = 0;
		};
/* End PBXFrameworksBuildPhase section */

/* Begin PBXGroup section */
		C904C7D227AC6E940001BB7F /* shop */ = {
			isa = PBXGroup;
			children = (
				C937CF0628201F5700BC5229 /* coordinator */,
				C904C7DD27AC6F500001BB7F /* ViewModel */,
				C904C7DC27AC6F450001BB7F /* Views */,
				C904C7DB27AC6F2F0001BB7F /* ViewController */,
			);
			name = shop;
			sourceTree = "<group>";
		};
		C904C7D327AC6E9C0001BB7F /* home */ = {
			isa = PBXGroup;
			children = (
				C937CF00281B178800BC5229 /* coordinator */,
				C904C7E127AC6F740001BB7F /* ViewModels */,
				C904C7DF27AC6F650001BB7F /* Views */,
				C904C7DA27AC6F210001BB7F /* ViewController */,
			);
			name = home;
			sourceTree = "<group>";
		};
		C904C7D427AC6EA30001BB7F /* cart */ = {
			isa = PBXGroup;
			children = (
				C937CF092820206F00BC5229 /* coordinator */,
				C904C7E327AC6F820001BB7F /* ViewModel */,
				C904C7E227AC6F7D0001BB7F /* Views */,
				C904C7D927AC6F110001BB7F /* ViewController */,
			);
			name = cart;
			sourceTree = "<group>";
		};
		C904C7D527AC6EAB0001BB7F /* filter */ = {
			isa = PBXGroup;
			children = (
				C937CF0328201E5C00BC5229 /* coordinator */,
				C904C7E627AC6F970001BB7F /* ViewModels */,
				C904C7E527AC6F930001BB7F /* Views */,
				C904C7D827AC6EF10001BB7F /* ViewController */,
			);
			name = filter;
			sourceTree = "<group>";
		};
		C904C7D627AC6EB70001BB7F /* products */ = {
			isa = PBXGroup;
			children = (
				C937CF0C2820217500BC5229 /* coordinator */,
				C993C85527AB1DB000495D79 /* ProductCell */,
				C904C7E927AC6FAD0001BB7F /* ViewModels */,
				C904C7E827AC6FA70001BB7F /* Views */,
				C904C7D727AC6ECA0001BB7F /* ViewControllers */,
			);
			name = products;
			sourceTree = "<group>";
		};
		C904C7D727AC6ECA0001BB7F /* ViewControllers */ = {
			isa = PBXGroup;
			children = (
				C904C7D027AC6D6D0001BB7F /* ProductsViewController.swift */,
				C904C7F827AC7A8B0001BB7F /* ProductsVC+delegate.swift */,
				C904C7FA27AC7A980001BB7F /* ProductVC+datasource.swift */,
			);
			name = ViewControllers;
			sourceTree = "<group>";
		};
		C904C7D827AC6EF10001BB7F /* ViewController */ = {
			isa = PBXGroup;
			children = (
				C904C7CE27AC6D5C0001BB7F /* FilterViewController.swift */,
				C904C7FC27AC7BB60001BB7F /* FilterVC+delegate.swift */,
				C904C7FE27AC7BE20001BB7F /* FilterVC+DataSource .swift */,
			);
			name = ViewController;
			sourceTree = "<group>";
		};
		C904C7D927AC6F110001BB7F /* ViewController */ = {
			isa = PBXGroup;
			children = (
				C904C7CC27AC6D320001BB7F /* CartViewController.swift */,
				C904C7F427AC789A0001BB7F /* CartVC+delegate.swift */,
				C904C7F627AC78C80001BB7F /* CartVC+DataSource.swift */,
			);
			name = ViewController;
			sourceTree = "<group>";
		};
		C904C7DA27AC6F210001BB7F /* ViewController */ = {
			isa = PBXGroup;
			children = (
				C993C84127AB1D4A00495D79 /* ViewController.swift */,
				C904C7F027AC75690001BB7F /* VC+delegate.swift */,
				C904C7F227AC757C0001BB7F /* VC+DataSource.swift */,
			);
			name = ViewController;
			sourceTree = "<group>";
		};
		C904C7DB27AC6F2F0001BB7F /* ViewController */ = {
			isa = PBXGroup;
			children = (
				C904C7CA27AC6D000001BB7F /* ShopViewController.swift */,
				C904C7EC27AC705D0001BB7F /* ShowViewController+DataSource.swift */,
				C904C7EE27AC72AB0001BB7F /* ShopVC+Delegate.swift */,
			);
			name = ViewController;
			sourceTree = "<group>";
		};
		C904C7DC27AC6F450001BB7F /* Views */ = {
			isa = PBXGroup;
			children = (
				C904C7BE27AC59830001BB7F /* shop.storyboard */,
			);
			name = Views;
			sourceTree = "<group>";
		};
		C904C7DD27AC6F500001BB7F /* ViewModel */ = {
			isa = PBXGroup;
			children = (
				C904C82127B1C6540001BB7F /* ShopviewModel.swift */,
			);
			name = ViewModel;
			sourceTree = "<group>";
		};
		C904C7DF27AC6F650001BB7F /* Views */ = {
			isa = PBXGroup;
			children = (
				C993C84327AB1D4A00495D79 /* Main.storyboard */,
			);
			name = Views;
			sourceTree = "<group>";
		};
		C904C7E127AC6F740001BB7F /* ViewModels */ = {
			isa = PBXGroup;
			children = (
				C904C81727B194690001BB7F /* HomeViewModel.swift */,
			);
			name = ViewModels;
			sourceTree = "<group>";
		};
		C904C7E227AC6F7D0001BB7F /* Views */ = {
			isa = PBXGroup;
			children = (
				C904C7C027AC5AB50001BB7F /* cart.storyboard */,
			);
			name = Views;
			sourceTree = "<group>";
		};
		C904C7E327AC6F820001BB7F /* ViewModel */ = {
			isa = PBXGroup;
			children = (
				C904C81F27B1C2030001BB7F /* CartViewModel.swift */,
			);
			name = ViewModel;
			sourceTree = "<group>";
		};
		C904C7E527AC6F930001BB7F /* Views */ = {
			isa = PBXGroup;
			children = (
				C904C7C427AC5E140001BB7F /* filter.storyboard */,
			);
			name = Views;
			sourceTree = "<group>";
		};
		C904C7E627AC6F970001BB7F /* ViewModels */ = {
			isa = PBXGroup;
			children = (
				C904C80027ADA5B20001BB7F /* FilterViewModel.swift */,
			);
			name = ViewModels;
			sourceTree = "<group>";
		};
		C904C7E827AC6FA70001BB7F /* Views */ = {
			isa = PBXGroup;
			children = (
				C904C7C227AC5CAE0001BB7F /* recent+Favorites.storyboard */,
			);
			name = Views;
			sourceTree = "<group>";
		};
		C904C7E927AC6FAD0001BB7F /* ViewModels */ = {
			isa = PBXGroup;
			children = (
				C904C80227B160F80001BB7F /* ProductsViewModel.swift */,
			);
			name = ViewModels;
			sourceTree = "<group>";
		};
		C904C7EB27AC70330001BB7F /* views */ = {
			isa = PBXGroup;
			children = (
				C904C7C727AC66DF0001BB7F /* ProductCell.xib */,
			);
			name = views;
			sourceTree = "<group>";
		};
		C904C80A27B17D950001BB7F /* dataManagement */ = {
			isa = PBXGroup;
			children = (
				C904C80827B16EBA0001BB7F /* ImageCacheManager.swift */,
				C904C80B27B17DB40001BB7F /* dataEncoder.swift */,
				C904C80D27B17F0E0001BB7F /* DataDecoder.swift */,
				C904C80F27B181130001BB7F /* DataManager.swift */,
			);
			name = dataManagement;
			sourceTree = "<group>";
		};
		C904C81B27B1ABD20001BB7F /* extensions */ = {
			isa = PBXGroup;
			children = (
				C904C81927B19D880001BB7F /* String+PrepareForSearch.swift */,
				C904C80627B16DBF0001BB7F /* UIImage+DownloadImg.swift */,
				C904C81D27B1BDA60001BB7F /* String+formatToPrice.swift */,
				C904C82527B2CCA50001BB7F /* alertController+convienceInit.swift */,
			);
			name = extensions;
			sourceTree = "<group>";
		};
		C904C81C27B1ABE70001BB7F /* constants */ = {
			isa = PBXGroup;
			children = (
				C904C81527B189600001BB7F /* StringConstants.swift */,
				C993C85827AB1DF100495D79 /* Constants.swift */,
			);
			name = constants;
			sourceTree = "<group>";
		};
		C904C82927B301D70001BB7F /* viewModel */ = {
			isa = PBXGroup;
			children = (
				C904C82727B2E8FE0001BB7F /* ProductCellViewModel.swift */,
			);
			name = viewModel;
			sourceTree = "<group>";
		};
		C904C82A27B301E90001BB7F /* controller */ = {
			isa = PBXGroup;
			children = (
				C904C7C627AC66DF0001BB7F /* ProductCell.swift */,
			);
			name = controller;
			sourceTree = "<group>";
		};
		C904C82B27B302080001BB7F /* launchScreen */ = {
			isa = PBXGroup;
			children = (
				C993C84827AB1D4C00495D79 /* LaunchScreen.storyboard */,
			);
			name = launchScreen;
			sourceTree = "<group>";
		};
		C92DCB3E27F37D11007EE48F /* productDetail */ = {
			isa = PBXGroup;
			children = (
				C9383E4F28046911004CF170 /* productDetailsCell */,
				C9383E4A28046779004CF170 /* viewModel */,
				C9383E4928046766004CF170 /* viewControllers */,
				C9383E482804675B004CF170 /* view */,
			);
			name = productDetail;
			sourceTree = "<group>";
		};
		C937CF00281B178800BC5229 /* coordinator */ = {
			isa = PBXGroup;
			children = (
				C937CF01281B189600BC5229 /* Coordinator.swift */,
			);
			name = coordinator;
			sourceTree = "<group>";
		};
		C937CF0328201E5C00BC5229 /* coordinator */ = {
			isa = PBXGroup;
			children = (
				C937CF0428201E7300BC5229 /* FilterCoordinator.swift */,
			);
			name = coordinator;
			sourceTree = "<group>";
		};
		C937CF0628201F5700BC5229 /* coordinator */ = {
			isa = PBXGroup;
			children = (
				C937CF0728201F7100BC5229 /* ShopCoordinator.swift */,
			);
			name = coordinator;
			sourceTree = "<group>";
		};
		C937CF092820206F00BC5229 /* coordinator */ = {
			isa = PBXGroup;
			children = (
				C937CF0A2820208300BC5229 /* CartCoordinator.swift */,
			);
			name = coordinator;
			sourceTree = "<group>";
		};
		C937CF0C2820217500BC5229 /* coordinator */ = {
			isa = PBXGroup;
			children = (
				C937CF0D2820218500BC5229 /* ProductsCoordinator.swift */,
			);
			name = coordinator;
			sourceTree = "<group>";
		};
		C937CF0F2820298F00BC5229 /* checkout */ = {
			isa = PBXGroup;
			children = (
				C9B0A2BC282C3A0500243A70 /* coordinator */,
				C937CF11282029B600BC5229 /* viewcontroller */,
			);
			name = checkout;
			sourceTree = "<group>";
		};
		C937CF11282029B600BC5229 /* viewcontroller */ = {
			isa = PBXGroup;
			children = (
				C937CF12282029D500BC5229 /* CheckoutVC.swift */,
				C9DA85E02821BF8D00CCC8A2 /* CheckView+DataSource.swift */,
				C9DA85E22821BFE700CCC8A2 /* CheckoutVC+delegate.swift */,
			);
			name = viewcontroller;
			sourceTree = "<group>";
		};
		C937CF1428202B1100BC5229 /* Colors */ = {
			isa = PBXGroup;
			children = (
				C937CF1528202BA300BC5229 /* Color+NewColors.swift */,
			);
			name = Colors;
			sourceTree = "<group>";
		};
		C937CF3C28205F0800BC5229 /* makeupFinderUITests */ = {
			isa = PBXGroup;
			children = (
				C937CF3D28205F0800BC5229 /* makeupFinderUITests.swift */,
				C937CF3F28205F0800BC5229 /* makeupFinderUITestsLaunchTests.swift */,
			);
			path = makeupFinderUITests;
			sourceTree = "<group>";
		};
		C9383E482804675B004CF170 /* view */ = {
			isa = PBXGroup;
			children = (
				C92DCB3F27F37D8A007EE48F /* productDetail.storyboard */,
			);
			name = view;
			sourceTree = "<group>";
		};
		C9383E4928046766004CF170 /* viewControllers */ = {
			isa = PBXGroup;
			children = (
				C9215F4228008FCD00BA3710 /* productDetailVC.swift */,
				C9383E4B280467E3004CF170 /* ProductDetailVC+DataSource.swift */,
				C9383E4D280467F9004CF170 /* ProductDetailVC+Delegate.swift */,
				C98ED5A0280874B000EE61E5 /* ProductDetailsVC+CellTypes.swift */,
			);
			name = viewControllers;
			sourceTree = "<group>";
		};
		C9383E4A28046779004CF170 /* viewModel */ = {
			isa = PBXGroup;
			children = (
				C9215F44280090CE00BA3710 /* ProductDetailsVM.swift */,
			);
			name = viewModel;
			sourceTree = "<group>";
		};
		C9383E4F28046911004CF170 /* productDetailsCell */ = {
			isa = PBXGroup;
			children = (
				C9383E502804693F004CF170 /* ProductDetailCell.swift */,
				C9383E512804693F004CF170 /* ProductDetailCell.xib */,
				C9E4EB3E2811D85C00DE2F05 /* ProductPhotoCell.swift */,
				C9E4EB3F2811D85C00DE2F05 /* productPhotoCell.xib */,
			);
			name = productDetailsCell;
			sourceTree = "<group>";
		};
		C993C83127AB1D4A00495D79 = {
			isa = PBXGroup;
			children = (
				C993C83C27AB1D4A00495D79 /* makeupFinder */,
				C937CF3C28205F0800BC5229 /* makeupFinderUITests */,
				C993C83B27AB1D4A00495D79 /* Products */,
			);
			sourceTree = "<group>";
		};
		C993C83B27AB1D4A00495D79 /* Products */ = {
			isa = PBXGroup;
			children = (
				C993C83A27AB1D4A00495D79 /* makeupFinder.app */,
				C937CF3B28205F0800BC5229 /* makeupFinderUITests.xctest */,
			);
			name = Products;
			sourceTree = "<group>";
		};
		C993C83C27AB1D4A00495D79 /* makeupFinder */ = {
			isa = PBXGroup;
			children = (
				C9B0A2BF282C3A7600243A70 /* payment */,
				C937CF0F2820298F00BC5229 /* checkout */,
				C92DCB3E27F37D11007EE48F /* productDetail */,
				C904C82B27B302080001BB7F /* launchScreen */,
				C904C7D227AC6E940001BB7F /* shop */,
				C904C7D327AC6E9C0001BB7F /* home */,
				C904C7D527AC6EAB0001BB7F /* filter */,
				C904C7D427AC6EA30001BB7F /* cart */,
				C904C7D627AC6EB70001BB7F /* products */,
				C993C85627AB1DB700495D79 /* models */,
				C993C85327AB1D6800495D79 /* networking */,
				C993C85227AB1D6000495D79 /* helper */,
				C993C85127AB1D5200495D79 /* supporting */,
			);
			path = makeupFinder;
			sourceTree = "<group>";
		};
		C993C85127AB1D5200495D79 /* supporting */ = {
			isa = PBXGroup;
			children = (
				C993C84B27AB1D4C00495D79 /* Info.plist */,
				C993C84627AB1D4C00495D79 /* Assets.xcassets */,
				C993C83D27AB1D4A00495D79 /* AppDelegate.swift */,
				C993C83F27AB1D4A00495D79 /* SceneDelegate.swift */,
			);
			name = supporting;
			sourceTree = "<group>";
		};
		C993C85227AB1D6000495D79 /* helper */ = {
			isa = PBXGroup;
			children = (
				C937CF1428202B1100BC5229 /* Colors */,
				C904C81C27B1ABE70001BB7F /* constants */,
				C904C81B27B1ABD20001BB7F /* extensions */,
				C904C80A27B17D950001BB7F /* dataManagement */,
				C9215F462800941D00BA3710 /* ReuseableFunctions.swift */,
			);
			name = helper;
			sourceTree = "<group>";
		};
		C993C85327AB1D6800495D79 /* networking */ = {
			isa = PBXGroup;
			children = (
				C904C7B827AC32A80001BB7F /* APIManager.swift */,
			);
			name = networking;
			sourceTree = "<group>";
		};
		C993C85527AB1DB000495D79 /* ProductCell */ = {
			isa = PBXGroup;
			children = (
				C904C82A27B301E90001BB7F /* controller */,
				C904C82927B301D70001BB7F /* viewModel */,
				C904C7EB27AC70330001BB7F /* views */,
			);
			name = ProductCell;
			sourceTree = "<group>";
		};
		C993C85627AB1DB700495D79 /* models */ = {
			isa = PBXGroup;
			children = (
				C904C7BA27AC3AE00001BB7F /* MakeupModel.swift */,
			);
			name = models;
			sourceTree = "<group>";
		};
		C9B0A2BC282C3A0500243A70 /* coordinator */ = {
			isa = PBXGroup;
			children = (
				C9B0A2BD282C3A3300243A70 /* CheckoutCoordinator.swift */,
			);
			name = coordinator;
			sourceTree = "<group>";
		};
		C9B0A2BF282C3A7600243A70 /* payment */ = {
			isa = PBXGroup;
			children = (
				C9B0A2C0282C3A8A00243A70 /* SwiftUIView.swift */,
			);
			name = payment;
			sourceTree = "<group>";
		};
/* End PBXGroup section */

/* Begin PBXNativeTarget section */
		C937CF3A28205F0800BC5229 /* makeupFinderUITests */ = {
			isa = PBXNativeTarget;
			buildConfigurationList = C937CF4328205F0800BC5229 /* Build configuration list for PBXNativeTarget "makeupFinderUITests" */;
			buildPhases = (
				C937CF3728205F0800BC5229 /* Sources */,
				C937CF3828205F0800BC5229 /* Frameworks */,
				C937CF3928205F0800BC5229 /* Resources */,
			);
			buildRules = (
			);
			dependencies = (
				C937CF4228205F0800BC5229 /* PBXTargetDependency */,
			);
			name = makeupFinderUITests;
			productName = makeupFinderUITests;
			productReference = C937CF3B28205F0800BC5229 /* makeupFinderUITests.xctest */;
			productType = "com.apple.product-type.bundle.ui-testing";
		};
		C993C83927AB1D4A00495D79 /* makeupFinder */ = {
			isa = PBXNativeTarget;
			buildConfigurationList = C993C84E27AB1D4C00495D79 /* Build configuration list for PBXNativeTarget "makeupFinder" */;
			buildPhases = (
				C993C83627AB1D4A00495D79 /* Sources */,
				C993C83727AB1D4A00495D79 /* Frameworks */,
				C993C83827AB1D4A00495D79 /* Resources */,
			);
			buildRules = (
			);
			dependencies = (
			);
			name = makeupFinder;
			packageProductDependencies = (
				C98ED59C280751D100EE61E5 /* SnapKit */,
			);
			productName = makeupFinder;
			productReference = C993C83A27AB1D4A00495D79 /* makeupFinder.app */;
			productType = "com.apple.product-type.application";
		};
/* End PBXNativeTarget section */

/* Begin PBXProject section */
		C993C83227AB1D4A00495D79 /* Project object */ = {
			isa = PBXProject;
			attributes = {
				BuildIndependentTargetsInParallel = 1;
				LastSwiftUpdateCheck = 1320;
				LastUpgradeCheck = 1320;
				TargetAttributes = {
					C937CF3A28205F0800BC5229 = {
						CreatedOnToolsVersion = 13.2.1;
						TestTargetID = C993C83927AB1D4A00495D79;
					};
					C993C83927AB1D4A00495D79 = {
						CreatedOnToolsVersion = 13.2.1;
					};
				};
			};
			buildConfigurationList = C993C83527AB1D4A00495D79 /* Build configuration list for PBXProject "makeupFinder" */;
			compatibilityVersion = "Xcode 13.0";
			developmentRegion = en;
			hasScannedForEncodings = 0;
			knownRegions = (
				en,
				Base,
			);
			mainGroup = C993C83127AB1D4A00495D79;
			packageReferences = (
				C98ED59B280751D100EE61E5 /* XCRemoteSwiftPackageReference "SnapKit" */,
			);
			productRefGroup = C993C83B27AB1D4A00495D79 /* Products */;
			projectDirPath = "";
			projectRoot = "";
			targets = (
				C993C83927AB1D4A00495D79 /* makeupFinder */,
				C937CF3A28205F0800BC5229 /* makeupFinderUITests */,
			);
		};
/* End PBXProject section */

/* Begin PBXResourcesBuildPhase section */
		C937CF3928205F0800BC5229 /* Resources */ = {
			isa = PBXResourcesBuildPhase;
			buildActionMask = 2147483647;
			files = (
			);
			runOnlyForDeploymentPostprocessing = 0;
		};
		C993C83827AB1D4A00495D79 /* Resources */ = {
			isa = PBXResourcesBuildPhase;
			buildActionMask = 2147483647;
			files = (
				C9383E532804693F004CF170 /* ProductDetailCell.xib in Resources */,
				C904C7BF27AC59830001BB7F /* shop.storyboard in Resources */,
				C904C7C927AC66DF0001BB7F /* ProductCell.xib in Resources */,
				C904C7C127AC5AB50001BB7F /* cart.storyboard in Resources */,
				C993C84A27AB1D4C00495D79 /* LaunchScreen.storyboard in Resources */,
				C904C7C527AC5E140001BB7F /* filter.storyboard in Resources */,
				C904C7C327AC5CAE0001BB7F /* recent+Favorites.storyboard in Resources */,
				C993C84727AB1D4C00495D79 /* Assets.xcassets in Resources */,
				C9E4EB412811D85C00DE2F05 /* productPhotoCell.xib in Resources */,
				C92DCB4027F37D8A007EE48F /* productDetail.storyboard in Resources */,
				C993C84527AB1D4A00495D79 /* Main.storyboard in Resources */,
			);
			runOnlyForDeploymentPostprocessing = 0;
		};
/* End PBXResourcesBuildPhase section */

/* Begin PBXSourcesBuildPhase section */
		C937CF3728205F0800BC5229 /* Sources */ = {
			isa = PBXSourcesBuildPhase;
			buildActionMask = 2147483647;
			files = (
				C937CF3E28205F0800BC5229 /* makeupFinderUITests.swift in Sources */,
				C937CF4028205F0800BC5229 /* makeupFinderUITestsLaunchTests.swift in Sources */,
			);
			runOnlyForDeploymentPostprocessing = 0;
		};
		C993C83627AB1D4A00495D79 /* Sources */ = {
			isa = PBXSourcesBuildPhase;
			buildActionMask = 2147483647;
			files = (
				C937CF0528201E7300BC5229 /* FilterCoordinator.swift in Sources */,
				C904C81027B181130001BB7F /* DataManager.swift in Sources */,
				C904C82227B1C6540001BB7F /* ShopviewModel.swift in Sources */,
				C993C84227AB1D4A00495D79 /* ViewController.swift in Sources */,
				C904C7F127AC75690001BB7F /* VC+delegate.swift in Sources */,
				C9383E4C280467E3004CF170 /* ProductDetailVC+DataSource.swift in Sources */,
				C904C7EF27AC72AB0001BB7F /* ShopVC+Delegate.swift in Sources */,
				C9215F45280090CE00BA3710 /* ProductDetailsVM.swift in Sources */,
				C9DA85E12821BF8D00CCC8A2 /* CheckView+DataSource.swift in Sources */,
				C993C83E27AB1D4A00495D79 /* AppDelegate.swift in Sources */,
				C904C7CD27AC6D320001BB7F /* CartViewController.swift in Sources */,
				C9215F4328008FCD00BA3710 /* productDetailVC.swift in Sources */,
				C904C82027B1C2030001BB7F /* CartViewModel.swift in Sources */,
				C904C81A27B19D880001BB7F /* String+PrepareForSearch.swift in Sources */,
				C904C7CB27AC6D000001BB7F /* ShopViewController.swift in Sources */,
				C904C82827B2E8FE0001BB7F /* ProductCellViewModel.swift in Sources */,
				C904C7BB27AC3AE00001BB7F /* MakeupModel.swift in Sources */,
				C9215F472800941D00BA3710 /* ReuseableFunctions.swift in Sources */,
				C904C81627B189600001BB7F /* StringConstants.swift in Sources */,
				C937CF0828201F7100BC5229 /* ShopCoordinator.swift in Sources */,
				C937CF02281B189600BC5229 /* Coordinator.swift in Sources */,
				C904C7CF27AC6D5C0001BB7F /* FilterViewController.swift in Sources */,
				C904C80E27B17F0E0001BB7F /* DataDecoder.swift in Sources */,
				C904C7D127AC6D6D0001BB7F /* ProductsViewController.swift in Sources */,
				C9B0A2C1282C3A8A00243A70 /* SwiftUIView.swift in Sources */,
				C904C80727B16DBF0001BB7F /* UIImage+DownloadImg.swift in Sources */,
				C9DA85E32821BFE700CCC8A2 /* CheckoutVC+delegate.swift in Sources */,
				C904C7FB27AC7A980001BB7F /* ProductVC+datasource.swift in Sources */,
				C937CF13282029D500BC5229 /* CheckoutVC.swift in Sources */,
				C904C80C27B17DB40001BB7F /* dataEncoder.swift in Sources */,
				C904C80927B16EBA0001BB7F /* ImageCacheManager.swift in Sources */,
				C904C7B927AC32A80001BB7F /* APIManager.swift in Sources */,
				C904C7F927AC7A8B0001BB7F /* ProductsVC+delegate.swift in Sources */,
				C9383E4E280467F9004CF170 /* ProductDetailVC+Delegate.swift in Sources */,
				C904C7F527AC789A0001BB7F /* CartVC+delegate.swift in Sources */,
				C904C82627B2CCA50001BB7F /* alertController+convienceInit.swift in Sources */,
				C904C7FF27AC7BE20001BB7F /* FilterVC+DataSource .swift in Sources */,
				C904C80127ADA5B20001BB7F /* FilterViewModel.swift in Sources */,
				C904C7C827AC66DF0001BB7F /* ProductCell.swift in Sources */,
				C9B0A2BE282C3A3300243A70 /* CheckoutCoordinator.swift in Sources */,
				C9E4EB402811D85C00DE2F05 /* ProductPhotoCell.swift in Sources */,
				C937CF0E2820218500BC5229 /* ProductsCoordinator.swift in Sources */,
				C904C7F727AC78C80001BB7F /* CartVC+DataSource.swift in Sources */,
				C904C80327B160F90001BB7F /* ProductsViewModel.swift in Sources */,
				C9383E522804693F004CF170 /* ProductDetailCell.swift in Sources */,
				C904C7ED27AC705D0001BB7F /* ShowViewController+DataSource.swift in Sources */,
				C904C7FD27AC7BB60001BB7F /* FilterVC+delegate.swift in Sources */,
				C904C81E27B1BDA60001BB7F /* String+formatToPrice.swift in Sources */,
				C904C7F327AC757C0001BB7F /* VC+DataSource.swift in Sources */,
				C98ED5A1280874B000EE61E5 /* ProductDetailsVC+CellTypes.swift in Sources */,
				C993C84027AB1D4A00495D79 /* SceneDelegate.swift in Sources */,
				C904C81827B194690001BB7F /* HomeViewModel.swift in Sources */,
				C937CF0B2820208300BC5229 /* CartCoordinator.swift in Sources */,
				C937CF1628202BA300BC5229 /* Color+NewColors.swift in Sources */,
				C993C85927AB1DF100495D79 /* Constants.swift in Sources */,
			);
			runOnlyForDeploymentPostprocessing = 0;
		};
/* End PBXSourcesBuildPhase section */

/* Begin PBXTargetDependency section */
		C937CF4228205F0800BC5229 /* PBXTargetDependency */ = {
			isa = PBXTargetDependency;
			target = C993C83927AB1D4A00495D79 /* makeupFinder */;
			targetProxy = C937CF4128205F0800BC5229 /* PBXContainerItemProxy */;
		};
/* End PBXTargetDependency section */

/* Begin PBXVariantGroup section */
		C993C84327AB1D4A00495D79 /* Main.storyboard */ = {
			isa = PBXVariantGroup;
			children = (
				C993C84427AB1D4A00495D79 /* Base */,
			);
			name = Main.storyboard;
			sourceTree = "<group>";
		};
		C993C84827AB1D4C00495D79 /* LaunchScreen.storyboard */ = {
			isa = PBXVariantGroup;
			children = (
				C993C84927AB1D4C00495D79 /* Base */,
			);
			name = LaunchScreen.storyboard;
			sourceTree = "<group>";
		};
/* End PBXVariantGroup section */

/* Begin XCBuildConfiguration section */
		C937CF4428205F0800BC5229 /* Debug */ = {
			isa = XCBuildConfiguration;
			buildSettings = {
				CODE_SIGN_STYLE = Automatic;
				CURRENT_PROJECT_VERSION = 1;
				GENERATE_INFOPLIST_FILE = YES;
				MARKETING_VERSION = 1.0;
				PRODUCT_BUNDLE_IDENTIFIER = personal.makeupFinderUITests;
				PRODUCT_NAME = "$(TARGET_NAME)";
				SWIFT_EMIT_LOC_STRINGS = NO;
				SWIFT_VERSION = 5.0;
				TARGETED_DEVICE_FAMILY = "1,2";
				TEST_TARGET_NAME = makeupFinder;
			};
			name = Debug;
		};
		C937CF4528205F0800BC5229 /* Release */ = {
			isa = XCBuildConfiguration;
			buildSettings = {
				CODE_SIGN_STYLE = Automatic;
				CURRENT_PROJECT_VERSION = 1;
				GENERATE_INFOPLIST_FILE = YES;
				MARKETING_VERSION = 1.0;
				PRODUCT_BUNDLE_IDENTIFIER = personal.makeupFinderUITests;
				PRODUCT_NAME = "$(TARGET_NAME)";
				SWIFT_EMIT_LOC_STRINGS = NO;
				SWIFT_VERSION = 5.0;
				TARGETED_DEVICE_FAMILY = "1,2";
				TEST_TARGET_NAME = makeupFinder;
			};
			name = Release;
		};
		C993C84C27AB1D4C00495D79 /* Debug */ = {
			isa = XCBuildConfiguration;
			buildSettings = {
				ALWAYS_SEARCH_USER_PATHS = NO;
				CLANG_ANALYZER_NONNULL = YES;
				CLANG_ANALYZER_NUMBER_OBJECT_CONVERSION = YES_AGGRESSIVE;
				CLANG_CXX_LANGUAGE_STANDARD = "gnu++17";
				CLANG_CXX_LIBRARY = "libc++";
				CLANG_ENABLE_MODULES = YES;
				CLANG_ENABLE_OBJC_ARC = YES;
				CLANG_ENABLE_OBJC_WEAK = YES;
				CLANG_WARN_BLOCK_CAPTURE_AUTORELEASING = YES;
				CLANG_WARN_BOOL_CONVERSION = YES;
				CLANG_WARN_COMMA = YES;
				CLANG_WARN_CONSTANT_CONVERSION = YES;
				CLANG_WARN_DEPRECATED_OBJC_IMPLEMENTATIONS = YES;
				CLANG_WARN_DIRECT_OBJC_ISA_USAGE = YES_ERROR;
				CLANG_WARN_DOCUMENTATION_COMMENTS = YES;
				CLANG_WARN_EMPTY_BODY = YES;
				CLANG_WARN_ENUM_CONVERSION = YES;
				CLANG_WARN_INFINITE_RECURSION = YES;
				CLANG_WARN_INT_CONVERSION = YES;
				CLANG_WARN_NON_LITERAL_NULL_CONVERSION = YES;
				CLANG_WARN_OBJC_IMPLICIT_RETAIN_SELF = YES;
				CLANG_WARN_OBJC_LITERAL_CONVERSION = YES;
				CLANG_WARN_OBJC_ROOT_CLASS = YES_ERROR;
				CLANG_WARN_QUOTED_INCLUDE_IN_FRAMEWORK_HEADER = YES;
				CLANG_WARN_RANGE_LOOP_ANALYSIS = YES;
				CLANG_WARN_STRICT_PROTOTYPES = YES;
				CLANG_WARN_SUSPICIOUS_MOVE = YES;
				CLANG_WARN_UNGUARDED_AVAILABILITY = YES_AGGRESSIVE;
				CLANG_WARN_UNREACHABLE_CODE = YES;
				CLANG_WARN__DUPLICATE_METHOD_MATCH = YES;
				COPY_PHASE_STRIP = NO;
				DEBUG_INFORMATION_FORMAT = dwarf;
				ENABLE_STRICT_OBJC_MSGSEND = YES;
				ENABLE_TESTABILITY = YES;
				GCC_C_LANGUAGE_STANDARD = gnu11;
				GCC_DYNAMIC_NO_PIC = NO;
				GCC_NO_COMMON_BLOCKS = YES;
				GCC_OPTIMIZATION_LEVEL = 0;
				GCC_PREPROCESSOR_DEFINITIONS = (
					"DEBUG=1",
					"$(inherited)",
				);
				GCC_WARN_64_TO_32_BIT_CONVERSION = YES;
				GCC_WARN_ABOUT_RETURN_TYPE = YES_ERROR;
				GCC_WARN_UNDECLARED_SELECTOR = YES;
				GCC_WARN_UNINITIALIZED_AUTOS = YES_AGGRESSIVE;
				GCC_WARN_UNUSED_FUNCTION = YES;
				GCC_WARN_UNUSED_VARIABLE = YES;
				IPHONEOS_DEPLOYMENT_TARGET = 15.2;
				MTL_ENABLE_DEBUG_INFO = INCLUDE_SOURCE;
				MTL_FAST_MATH = YES;
				ONLY_ACTIVE_ARCH = YES;
				SDKROOT = iphoneos;
				SWIFT_ACTIVE_COMPILATION_CONDITIONS = DEBUG;
				SWIFT_OPTIMIZATION_LEVEL = "-Onone";
			};
			name = Debug;
		};
		C993C84D27AB1D4C00495D79 /* Release */ = {
			isa = XCBuildConfiguration;
			buildSettings = {
				ALWAYS_SEARCH_USER_PATHS = NO;
				CLANG_ANALYZER_NONNULL = YES;
				CLANG_ANALYZER_NUMBER_OBJECT_CONVERSION = YES_AGGRESSIVE;
				CLANG_CXX_LANGUAGE_STANDARD = "gnu++17";
				CLANG_CXX_LIBRARY = "libc++";
				CLANG_ENABLE_MODULES = YES;
				CLANG_ENABLE_OBJC_ARC = YES;
				CLANG_ENABLE_OBJC_WEAK = YES;
				CLANG_WARN_BLOCK_CAPTURE_AUTORELEASING = YES;
				CLANG_WARN_BOOL_CONVERSION = YES;
				CLANG_WARN_COMMA = YES;
				CLANG_WARN_CONSTANT_CONVERSION = YES;
				CLANG_WARN_DEPRECATED_OBJC_IMPLEMENTATIONS = YES;
				CLANG_WARN_DIRECT_OBJC_ISA_USAGE = YES_ERROR;
				CLANG_WARN_DOCUMENTATION_COMMENTS = YES;
				CLANG_WARN_EMPTY_BODY = YES;
				CLANG_WARN_ENUM_CONVERSION = YES;
				CLANG_WARN_INFINITE_RECURSION = YES;
				CLANG_WARN_INT_CONVERSION = YES;
				CLANG_WARN_NON_LITERAL_NULL_CONVERSION = YES;
				CLANG_WARN_OBJC_IMPLICIT_RETAIN_SELF = YES;
				CLANG_WARN_OBJC_LITERAL_CONVERSION = YES;
				CLANG_WARN_OBJC_ROOT_CLASS = YES_ERROR;
				CLANG_WARN_QUOTED_INCLUDE_IN_FRAMEWORK_HEADER = YES;
				CLANG_WARN_RANGE_LOOP_ANALYSIS = YES;
				CLANG_WARN_STRICT_PROTOTYPES = YES;
				CLANG_WARN_SUSPICIOUS_MOVE = YES;
				CLANG_WARN_UNGUARDED_AVAILABILITY = YES_AGGRESSIVE;
				CLANG_WARN_UNREACHABLE_CODE = YES;
				CLANG_WARN__DUPLICATE_METHOD_MATCH = YES;
				COPY_PHASE_STRIP = NO;
				DEBUG_INFORMATION_FORMAT = "dwarf-with-dsym";
				ENABLE_NS_ASSERTIONS = NO;
				ENABLE_STRICT_OBJC_MSGSEND = YES;
				GCC_C_LANGUAGE_STANDARD = gnu11;
				GCC_NO_COMMON_BLOCKS = YES;
				GCC_WARN_64_TO_32_BIT_CONVERSION = YES;
				GCC_WARN_ABOUT_RETURN_TYPE = YES_ERROR;
				GCC_WARN_UNDECLARED_SELECTOR = YES;
				GCC_WARN_UNINITIALIZED_AUTOS = YES_AGGRESSIVE;
				GCC_WARN_UNUSED_FUNCTION = YES;
				GCC_WARN_UNUSED_VARIABLE = YES;
				IPHONEOS_DEPLOYMENT_TARGET = 15.2;
				MTL_ENABLE_DEBUG_INFO = NO;
				MTL_FAST_MATH = YES;
				SDKROOT = iphoneos;
				SWIFT_COMPILATION_MODE = wholemodule;
				SWIFT_OPTIMIZATION_LEVEL = "-O";
				VALIDATE_PRODUCT = YES;
			};
			name = Release;
		};
		C993C84F27AB1D4C00495D79 /* Debug */ = {
			isa = XCBuildConfiguration;
			buildSettings = {
				ASSETCATALOG_COMPILER_APPICON_NAME = AppIcon;
				ASSETCATALOG_COMPILER_GLOBAL_ACCENT_COLOR_NAME = AccentColor;
				CODE_SIGN_STYLE = Automatic;
				CURRENT_PROJECT_VERSION = 1;
				DEVELOPMENT_TEAM = 2GCU4XCKGY;
				GENERATE_INFOPLIST_FILE = YES;
				INFOPLIST_FILE = makeupFinder/Info.plist;
				INFOPLIST_KEY_UIApplicationSupportsIndirectInputEvents = YES;
				INFOPLIST_KEY_UILaunchStoryboardName = LaunchScreen;
				INFOPLIST_KEY_UIMainStoryboardFile = Main;
				INFOPLIST_KEY_UISupportedInterfaceOrientations_iPad = "UIInterfaceOrientationPortrait UIInterfaceOrientationPortraitUpsideDown UIInterfaceOrientationLandscapeLeft UIInterfaceOrientationLandscapeRight";
				INFOPLIST_KEY_UISupportedInterfaceOrientations_iPhone = "UIInterfaceOrientationPortrait UIInterfaceOrientationLandscapeLeft UIInterfaceOrientationLandscapeRight";
				LD_RUNPATH_SEARCH_PATHS = (
					"$(inherited)",
					"@executable_path/Frameworks",
				);
				MARKETING_VERSION = 1.0;
				PRODUCT_BUNDLE_IDENTIFIER = personal.makeupFinder;
				PRODUCT_NAME = "$(TARGET_NAME)";
				SWIFT_EMIT_LOC_STRINGS = YES;
				SWIFT_VERSION = 5.0;
				TARGETED_DEVICE_FAMILY = "1,2";
			};
			name = Debug;
		};
		C993C85027AB1D4C00495D79 /* Release */ = {
			isa = XCBuildConfiguration;
			buildSettings = {
				ASSETCATALOG_COMPILER_APPICON_NAME = AppIcon;
				ASSETCATALOG_COMPILER_GLOBAL_ACCENT_COLOR_NAME = AccentColor;
				CODE_SIGN_STYLE = Automatic;
				CURRENT_PROJECT_VERSION = 1;
				DEVELOPMENT_TEAM = 2GCU4XCKGY;
				GENERATE_INFOPLIST_FILE = YES;
				INFOPLIST_FILE = makeupFinder/Info.plist;
				INFOPLIST_KEY_UIApplicationSupportsIndirectInputEvents = YES;
				INFOPLIST_KEY_UILaunchStoryboardName = LaunchScreen;
				INFOPLIST_KEY_UIMainStoryboardFile = Main;
				INFOPLIST_KEY_UISupportedInterfaceOrientations_iPad = "UIInterfaceOrientationPortrait UIInterfaceOrientationPortraitUpsideDown UIInterfaceOrientationLandscapeLeft UIInterfaceOrientationLandscapeRight";
				INFOPLIST_KEY_UISupportedInterfaceOrientations_iPhone = "UIInterfaceOrientationPortrait UIInterfaceOrientationLandscapeLeft UIInterfaceOrientationLandscapeRight";
				LD_RUNPATH_SEARCH_PATHS = (
					"$(inherited)",
					"@executable_path/Frameworks",
				);
				MARKETING_VERSION = 1.0;
				PRODUCT_BUNDLE_IDENTIFIER = personal.makeupFinder;
				PRODUCT_NAME = "$(TARGET_NAME)";
				SWIFT_EMIT_LOC_STRINGS = YES;
				SWIFT_VERSION = 5.0;
				TARGETED_DEVICE_FAMILY = "1,2";
			};
			name = Release;
		};
/* End XCBuildConfiguration section */

/* Begin XCConfigurationList section */
		C937CF4328205F0800BC5229 /* Build configuration list for PBXNativeTarget "makeupFinderUITests" */ = {
			isa = XCConfigurationList;
			buildConfigurations = (
				C937CF4428205F0800BC5229 /* Debug */,
				C937CF4528205F0800BC5229 /* Release */,
			);
			defaultConfigurationIsVisible = 0;
			defaultConfigurationName = Release;
		};
		C993C83527AB1D4A00495D79 /* Build configuration list for PBXProject "makeupFinder" */ = {
			isa = XCConfigurationList;
			buildConfigurations = (
				C993C84C27AB1D4C00495D79 /* Debug */,
				C993C84D27AB1D4C00495D79 /* Release */,
			);
			defaultConfigurationIsVisible = 0;
			defaultConfigurationName = Release;
		};
		C993C84E27AB1D4C00495D79 /* Build configuration list for PBXNativeTarget "makeupFinder" */ = {
			isa = XCConfigurationList;
			buildConfigurations = (
				C993C84F27AB1D4C00495D79 /* Debug */,
				C993C85027AB1D4C00495D79 /* Release */,
			);
			defaultConfigurationIsVisible = 0;
			defaultConfigurationName = Release;
		};
/* End XCConfigurationList section */

/* Begin XCRemoteSwiftPackageReference section */
		C98ED59B280751D100EE61E5 /* XCRemoteSwiftPackageReference "SnapKit" */ = {
			isa = XCRemoteSwiftPackageReference;
			repositoryURL = "https://github.com/SnapKit/SnapKit";
			requirement = {
				kind = upToNextMajorVersion;
				minimumVersion = 5.0.0;
			};
		};
/* End XCRemoteSwiftPackageReference section */

/* Begin XCSwiftPackageProductDependency section */
		C98ED59C280751D100EE61E5 /* SnapKit */ = {
			isa = XCSwiftPackageProductDependency;
			package = C98ED59B280751D100EE61E5 /* XCRemoteSwiftPackageReference "SnapKit" */;
			productName = SnapKit;
		};
/* End XCSwiftPackageProductDependency section */
	};
	rootObject = C993C83227AB1D4A00495D79 /* Project object */;
}
